// !$*UTF8*$!
{
	archiveVersion = 1;
	classes = {
	};
	objectVersion = 50;
	objects = {

/* Begin PBXBuildFile section */
		D845A17425832ED30001DFAF /* Preset_Data.swift in Sources */ = {isa = PBXBuildFile; fileRef = D845A17325832ED30001DFAF /* Preset_Data.swift */; };
		D88F54CB257D349300B76099 /* TimelessApp.swift in Sources */ = {isa = PBXBuildFile; fileRef = D88F54CA257D349300B76099 /* TimelessApp.swift */; };
		D88F54CD257D349300B76099 /* ContentView.swift in Sources */ = {isa = PBXBuildFile; fileRef = D88F54CC257D349300B76099 /* ContentView.swift */; };
		D88F54CF257D349400B76099 /* Assets.xcassets in Resources */ = {isa = PBXBuildFile; fileRef = D88F54CE257D349400B76099 /* Assets.xcassets */; };
		D88F54D2257D349400B76099 /* Preview Assets.xcassets in Resources */ = {isa = PBXBuildFile; fileRef = D88F54D1257D349400B76099 /* Preview Assets.xcassets */; };
		D88F54D4257D349400B76099 /* Persistence.swift in Sources */ = {isa = PBXBuildFile; fileRef = D88F54D3257D349400B76099 /* Persistence.swift */; };
		D88F54D7257D349400B76099 /* Timeless.xcdatamodeld in Sources */ = {isa = PBXBuildFile; fileRef = D88F54D5257D349400B76099 /* Timeless.xcdatamodeld */; };
		D8EEF6ED257D3DA7007C237A /* TimePlatterView.swift in Sources */ = {isa = PBXBuildFile; fileRef = D8EEF6EC257D3DA7007C237A /* TimePlatterView.swift */; };
		D8EEF6F0257D3DB5007C237A /* TimeBoard.swift in Sources */ = {isa = PBXBuildFile; fileRef = D8EEF6EF257D3DB5007C237A /* TimeBoard.swift */; };
		D8EEF6F4257E8784007C237A /* TimelessTabView.swift in Sources */ = {isa = PBXBuildFile; fileRef = D8EEF6F3257E8784007C237A /* TimelessTabView.swift */; };
/* End PBXBuildFile section */

/* Begin PBXFileReference section */
		D845A17325832ED30001DFAF /* Preset_Data.swift */ = {isa = PBXFileReference; lastKnownFileType = sourcecode.swift; path = Preset_Data.swift; sourceTree = "<group>"; };
		D88F54C7257D349300B76099 /* Timeless.app */ = {isa = PBXFileReference; explicitFileType = wrapper.application; includeInIndex = 0; path = Timeless.app; sourceTree = BUILT_PRODUCTS_DIR; };
		D88F54CA257D349300B76099 /* TimelessApp.swift */ = {isa = PBXFileReference; lastKnownFileType = sourcecode.swift; path = TimelessApp.swift; sourceTree = "<group>"; };
		D88F54CC257D349300B76099 /* ContentView.swift */ = {isa = PBXFileReference; lastKnownFileType = sourcecode.swift; path = ContentView.swift; sourceTree = "<group>"; };
		D88F54CE257D349400B76099 /* Assets.xcassets */ = {isa = PBXFileReference; lastKnownFileType = folder.assetcatalog; path = Assets.xcassets; sourceTree = "<group>"; };
		D88F54D1257D349400B76099 /* Preview Assets.xcassets */ = {isa = PBXFileReference; lastKnownFileType = folder.assetcatalog; path = "Preview Assets.xcassets"; sourceTree = "<group>"; };
		D88F54D3257D349400B76099 /* Persistence.swift */ = {isa = PBXFileReference; lastKnownFileType = sourcecode.swift; path = Persistence.swift; sourceTree = "<group>"; };
		D88F54D6257D349400B76099 /* Timeless.xcdatamodel */ = {isa = PBXFileReference; lastKnownFileType = wrapper.xcdatamodel; path = Timeless.xcdatamodel; sourceTree = "<group>"; };
		D88F54D8257D349400B76099 /* Info.plist */ = {isa = PBXFileReference; lastKnownFileType = text.plist.xml; path = Info.plist; sourceTree = "<group>"; };
		D8EEF6EC257D3DA7007C237A /* TimePlatterView.swift */ = {isa = PBXFileReference; fileEncoding = 4; lastKnownFileType = sourcecode.swift; path = TimePlatterView.swift; sourceTree = "<group>"; };
		D8EEF6EF257D3DB5007C237A /* TimeBoard.swift */ = {isa = PBXFileReference; lastKnownFileType = sourcecode.swift; path = TimeBoard.swift; sourceTree = "<group>"; };
		D8EEF6F3257E8784007C237A /* TimelessTabView.swift */ = {isa = PBXFileReference; lastKnownFileType = sourcecode.swift; path = TimelessTabView.swift; sourceTree = "<group>"; };
/* End PBXFileReference section */

/* Begin PBXFrameworksBuildPhase section */
		D88F54C4257D349300B76099 /* Frameworks */ = {
			isa = PBXFrameworksBuildPhase;
			buildActionMask = 2147483647;
			files = (
			);
			runOnlyForDeploymentPostprocessing = 0;
		};
/* End PBXFrameworksBuildPhase section */

/* Begin PBXGroup section */
		D88F54BE257D349300B76099 = {
			isa = PBXGroup;
			children = (
				D88F54C9257D349300B76099 /* Timeless */,
				D88F54C8257D349300B76099 /* Products */,
			);
			sourceTree = "<group>";
		};
		D88F54C8257D349300B76099 /* Products */ = {
			isa = PBXGroup;
			children = (
				D88F54C7257D349300B76099 /* Timeless.app */,
			);
			name = Products;
			sourceTree = "<group>";
		};
		D88F54C9257D349300B76099 /* Timeless */ = {
			isa = PBXGroup;
			children = (
				D88F54CA257D349300B76099 /* TimelessApp.swift */,
				D88F54CC257D349300B76099 /* ContentView.swift */,
				D8EEF6EF257D3DB5007C237A /* TimeBoard.swift */,
				D8EEF6EC257D3DA7007C237A /* TimePlatterView.swift */,
				D8EEF6F3257E8784007C237A /* TimelessTabView.swift */,
				D88F54CE257D349400B76099 /* Assets.xcassets */,
				D88F54D3257D349400B76099 /* Persistence.swift */,
				D88F54D8257D349400B76099 /* Info.plist */,
				D88F54D5257D349400B76099 /* Timeless.xcdatamodeld */,
				D88F54D0257D349400B76099 /* Preview Content */,
				D845A17325832ED30001DFAF /* Preset_Data.swift */,
			);
			path = Timeless;
			sourceTree = "<group>";
		};
		D88F54D0257D349400B76099 /* Preview Content */ = {
			isa = PBXGroup;
			children = (
				D88F54D1257D349400B76099 /* Preview Assets.xcassets */,
			);
			path = "Preview Content";
			sourceTree = "<group>";
		};
/* End PBXGroup section */

/* Begin PBXNativeTarget section */
		D88F54C6257D349300B76099 /* Timeless */ = {
			isa = PBXNativeTarget;
			buildConfigurationList = D88F54DB257D349400B76099 /* Build configuration list for PBXNativeTarget "Timeless" */;
			buildPhases = (
				D88F54C3257D349300B76099 /* Sources */,
				D88F54C4257D349300B76099 /* Frameworks */,
				D88F54C5257D349300B76099 /* Resources */,
			);
			buildRules = (
			);
			dependencies = (
			);
			name = Timeless;
			productName = Timeless;
			productReference = D88F54C7257D349300B76099 /* Timeless.app */;
			productType = "com.apple.product-type.application";
		};
/* End PBXNativeTarget section */

/* Begin PBXProject section */
		D88F54BF257D349300B76099 /* Project object */ = {
			isa = PBXProject;
			attributes = {
				LastSwiftUpdateCheck = 1220;
				LastUpgradeCheck = 1220;
				TargetAttributes = {
					D88F54C6257D349300B76099 = {
						CreatedOnToolsVersion = 12.2;
					};
				};
			};
			buildConfigurationList = D88F54C2257D349300B76099 /* Build configuration list for PBXProject "Timeless" */;
			compatibilityVersion = "Xcode 9.3";
			developmentRegion = en;
			hasScannedForEncodings = 0;
			knownRegions = (
				en,
				Base,
			);
			mainGroup = D88F54BE257D349300B76099;
			productRefGroup = D88F54C8257D349300B76099 /* Products */;
			projectDirPath = "";
			projectRoot = "";
			targets = (
				D88F54C6257D349300B76099 /* Timeless */,
			);
		};
/* End PBXProject section */

/* Begin PBXResourcesBuildPhase section */
		D88F54C5257D349300B76099 /* Resources */ = {
			isa = PBXResourcesBuildPhase;
			buildActionMask = 2147483647;
			files = (
				D88F54D2257D349400B76099 /* Preview Assets.xcassets in Resources */,
				D88F54CF257D349400B76099 /* Assets.xcassets in Resources */,
			);
			runOnlyForDeploymentPostprocessing = 0;
		};
/* End PBXResourcesBuildPhase section */

/* Begin PBXSourcesBuildPhase section */
		D88F54C3257D349300B76099 /* Sources */ = {
			isa = PBXSourcesBuildPhase;
			buildActionMask = 2147483647;
			files = (
				D845A17425832ED30001DFAF /* Preset_Data.swift in Sources */,
				D88F54D4257D349400B76099 /* Persistence.swift in Sources */,
				D8EEF6ED257D3DA7007C237A /* TimePlatterView.swift in Sources */,
				D88F54CD257D349300B76099 /* ContentView.swift in Sources */,
				D8EEF6F0257D3DB5007C237A /* TimeBoard.swift in Sources */,
				D8EEF6F4257E8784007C237A /* TimelessTabView.swift in Sources */,
				D88F54CB257D349300B76099 /* TimelessApp.swift in Sources */,
				D88F54D7257D349400B76099 /* Timeless.xcdatamodeld in Sources */,
			);
			runOnlyForDeploymentPostprocessing = 0;
		};
/* End PBXSourcesBuildPhase section */

/* Begin XCBuildConfiguration section */
		D88F54D9257D349400B76099 /* Debug */ = {
			isa = XCBuildConfiguration;
			buildSettings = {
				ALWAYS_SEARCH_USER_PATHS = NO;
				CLANG_ANALYZER_NONNULL = YES;
				CLANG_ANALYZER_NUMBER_OBJECT_CONVERSION = YES_AGGRESSIVE;
				CLANG_CXX_LANGUAGE_STANDARD = "gnu++14";
				CLANG_CXX_LIBRARY = "libc++";
				CLANG_ENABLE_MODULES = YES;
				CLANG_ENABLE_OBJC_ARC = YES;
				CLANG_ENABLE_OBJC_WEAK = YES;
				CLANG_WARN_BLOCK_CAPTURE_AUTORELEASING = YES;
				CLANG_WARN_BOOL_CONVERSION = YES;
				CLANG_WARN_COMMA = YES;
				CLANG_WARN_CONSTANT_CONVERSION = YES;
				CLANG_WARN_DEPRECATED_OBJC_IMPLEMENTATIONS = YES;
				CLANG_WARN_DIRECT_OBJC_ISA_USAGE = YES_ERROR;
				CLANG_WARN_DOCUMENTATION_COMMENTS = YES;
				CLANG_WARN_EMPTY_BODY = YES;
				CLANG_WARN_ENUM_CONVERSION = YES;
				CLANG_WARN_INFINITE_RECURSION = YES;
				CLANG_WARN_INT_CONVERSION = YES;
				CLANG_WARN_NON_LITERAL_NULL_CONVERSION = YES;
				CLANG_WARN_OBJC_IMPLICIT_RETAIN_SELF = YES;
				CLANG_WARN_OBJC_LITERAL_CONVERSION = YES;
				CLANG_WARN_OBJC_ROOT_CLASS = YES_ERROR;
				CLANG_WARN_QUOTED_INCLUDE_IN_FRAMEWORK_HEADER = YES;
				CLANG_WARN_RANGE_LOOP_ANALYSIS = YES;
				CLANG_WARN_STRICT_PROTOTYPES = YES;
				CLANG_WARN_SUSPICIOUS_MOVE = YES;
				CLANG_WARN_UNGUARDED_AVAILABILITY = YES_AGGRESSIVE;
				CLANG_WARN_UNREACHABLE_CODE = YES;
				CLANG_WARN__DUPLICATE_METHOD_MATCH = YES;
				COPY_PHASE_STRIP = NO;
				DEBUG_INFORMATION_FORMAT = dwarf;
				ENABLE_STRICT_OBJC_MSGSEND = YES;
				ENABLE_TESTABILITY = YES;
				GCC_C_LANGUAGE_STANDARD = gnu11;
				GCC_DYNAMIC_NO_PIC = NO;
				GCC_NO_COMMON_BLOCKS = YES;
				GCC_OPTIMIZATION_LEVEL = 0;
				GCC_PREPROCESSOR_DEFINITIONS = (
					"DEBUG=1",
					"$(inherited)",
				);
				GCC_WARN_64_TO_32_BIT_CONVERSION = YES;
				GCC_WARN_ABOUT_RETURN_TYPE = YES_ERROR;
				GCC_WARN_UNDECLARED_SELECTOR = YES;
				GCC_WARN_UNINITIALIZED_AUTOS = YES_AGGRESSIVE;
				GCC_WARN_UNUSED_FUNCTION = YES;
				GCC_WARN_UNUSED_VARIABLE = YES;
				IPHONEOS_DEPLOYMENT_TARGET = 14.2;
				MTL_ENABLE_DEBUG_INFO = INCLUDE_SOURCE;
				MTL_FAST_MATH = YES;
				ONLY_ACTIVE_ARCH = YES;
				SDKROOT = iphoneos;
				SWIFT_ACTIVE_COMPILATION_CONDITIONS = DEBUG;
				SWIFT_OPTIMIZATION_LEVEL = "-Onone";
			};
			name = Debug;
		};
		D88F54DA257D349400B76099 /* Release */ = {
			isa = XCBuildConfiguration;
			buildSettings = {
				ALWAYS_SEARCH_USER_PATHS = NO;
				CLANG_ANALYZER_NONNULL = YES;
				CLANG_ANALYZER_NUMBER_OBJECT_CONVERSION = YES_AGGRESSIVE;
				CLANG_CXX_LANGUAGE_STANDARD = "gnu++14";
				CLANG_CXX_LIBRARY = "libc++";
				CLANG_ENABLE_MODULES = YES;
				CLANG_ENABLE_OBJC_ARC = YES;
				CLANG_ENABLE_OBJC_WEAK = YES;
				CLANG_WARN_BLOCK_CAPTURE_AUTORELEASING = YES;
				CLANG_WARN_BOOL_CONVERSION = YES;
				CLANG_WARN_COMMA = YES;
				CLANG_WARN_CONSTANT_CONVERSION = YES;
				CLANG_WARN_DEPRECATED_OBJC_IMPLEMENTATIONS = YES;
				CLANG_WARN_DIRECT_OBJC_ISA_USAGE = YES_ERROR;
				CLANG_WARN_DOCUMENTATION_COMMENTS = YES;
				CLANG_WARN_EMPTY_BODY = YES;
				CLANG_WARN_ENUM_CONVERSION = YES;
				CLANG_WARN_INFINITE_RECURSION = YES;
				CLANG_WARN_INT_CONVERSION = YES;
				CLANG_WARN_NON_LITERAL_NULL_CONVERSION = YES;
				CLANG_WARN_OBJC_IMPLICIT_RETAIN_SELF = YES;
				CLANG_WARN_OBJC_LITERAL_CONVERSION = YES;
				CLANG_WARN_OBJC_ROOT_CLASS = YES_ERROR;
				CLANG_WARN_QUOTED_INCLUDE_IN_FRAMEWORK_HEADER = YES;
				CLANG_WARN_RANGE_LOOP_ANALYSIS = YES;
				CLANG_WARN_STRICT_PROTOTYPES = YES;
				CLANG_WARN_SUSPICIOUS_MOVE = YES;
				CLANG_WARN_UNGUARDED_AVAILABILITY = YES_AGGRESSIVE;
				CLANG_WARN_UNREACHABLE_CODE = YES;
				CLANG_WARN__DUPLICATE_METHOD_MATCH = YES;
				COPY_PHASE_STRIP = NO;
				DEBUG_INFORMATION_FORMAT = "dwarf-with-dsym";
				ENABLE_NS_ASSERTIONS = NO;
				ENABLE_STRICT_OBJC_MSGSEND = YES;
				GCC_C_LANGUAGE_STANDARD = gnu11;
				GCC_NO_COMMON_BLOCKS = YES;
				GCC_WARN_64_TO_32_BIT_CONVERSION = YES;
				GCC_WARN_ABOUT_RETURN_TYPE = YES_ERROR;
				GCC_WARN_UNDECLARED_SELECTOR = YES;
				GCC_WARN_UNINITIALIZED_AUTOS = YES_AGGRESSIVE;
				GCC_WARN_UNUSED_FUNCTION = YES;
				GCC_WARN_UNUSED_VARIABLE = YES;
				IPHONEOS_DEPLOYMENT_TARGET = 14.2;
				MTL_ENABLE_DEBUG_INFO = NO;
				MTL_FAST_MATH = YES;
				SDKROOT = iphoneos;
				SWIFT_COMPILATION_MODE = wholemodule;
				SWIFT_OPTIMIZATION_LEVEL = "-O";
				VALIDATE_PRODUCT = YES;
			};
			name = Release;
		};
		D88F54DC257D349400B76099 /* Debug */ = {
			isa = XCBuildConfiguration;
			buildSettings = {
				ASSETCATALOG_COMPILER_APPICON_NAME = AppIcon;
				ASSETCATALOG_COMPILER_GLOBAL_ACCENT_COLOR_NAME = AccentColor;
				CODE_SIGN_STYLE = Automatic;
				DEVELOPMENT_ASSET_PATHS = "\"Timeless/Preview Content\"";
				DEVELOPMENT_TEAM = 9BWTU9G7ZG;
				ENABLE_PREVIEWS = YES;
				INFOPLIST_FILE = Timeless/Info.plist;
				IPHONEOS_DEPLOYMENT_TARGET = 14.0;
				LD_RUNPATH_SEARCH_PATHS = (
					"$(inherited)",
					"@executable_path/Frameworks",
				);
				PRODUCT_BUNDLE_IDENTIFIER = us.joeis.Timeless;
				PRODUCT_NAME = "$(TARGET_NAME)";
				SWIFT_VERSION = 5.0;
				TARGETED_DEVICE_FAMILY = "1,2";
			};
			name = Debug;
		};
		D88F54DD257D349400B76099 /* Release */ = {
			isa = XCBuildConfiguration;
			buildSettings = {
				ASSETCATALOG_COMPILER_APPICON_NAME = AppIcon;
				ASSETCATALOG_COMPILER_GLOBAL_ACCENT_COLOR_NAME = AccentColor;
				CODE_SIGN_STYLE = Automatic;
				DEVELOPMENT_ASSET_PATHS = "\"Timeless/Preview Content\"";
				DEVELOPMENT_TEAM = 9BWTU9G7ZG;
				ENABLE_PREVIEWS = YES;
				INFOPLIST_FILE = Timeless/Info.plist;
				IPHONEOS_DEPLOYMENT_TARGET = 14.0;
				LD_RUNPATH_SEARCH_PATHS = (
					"$(inherited)",
					"@executable_path/Frameworks",
				);
				PRODUCT_BUNDLE_IDENTIFIER = us.joeis.Timeless;
				PRODUCT_NAME = "$(TARGET_NAME)";
				SWIFT_VERSION = 5.0;
				TARGETED_DEVICE_FAMILY = "1,2";
			};
			name = Release;
		};
/* End XCBuildConfiguration section */

/* Begin XCConfigurationList section */
		D88F54C2257D349300B76099 /* Build configuration list for PBXProject "Timeless" */ = {
			isa = XCConfigurationList;
			buildConfigurations = (
				D88F54D9257D349400B76099 /* Debug */,
				D88F54DA257D349400B76099 /* Release */,
			);
			defaultConfigurationIsVisible = 0;
			defaultConfigurationName = Release;
		};
		D88F54DB257D349400B76099 /* Build configuration list for PBXNativeTarget "Timeless" */ = {
			isa = XCConfigurationList;
			buildConfigurations = (
				D88F54DC257D349400B76099 /* Debug */,
				D88F54DD257D349400B76099 /* Release */,
			);
			defaultConfigurationIsVisible = 0;
			defaultConfigurationName = Release;
		};
/* End XCConfigurationList section */

/* Begin XCVersionGroup section */
		D88F54D5257D349400B76099 /* Timeless.xcdatamodeld */ = {
			isa = XCVersionGroup;
			children = (
				D88F54D6257D349400B76099 /* Timeless.xcdatamodel */,
			);
			currentVersion = D88F54D6257D349400B76099 /* Timeless.xcdatamodel */;
			path = Timeless.xcdatamodeld;
			sourceTree = "<group>";
			versionGroupType = wrapper.xcdatamodel;
		};
/* End XCVersionGroup section */
	};
	rootObject = D88F54BF257D349300B76099 /* Project object */;
}
